
Microsoft Visual Studio Solution File, Format Version 12.00
# Visual Studio Version 17
VisualStudioVersion = 17.2.32602.215
MinimumVisualStudioVersion = 10.0.40219.1
Project("{FAE04EC0-301F-11D3-BF4B-00C04F79EFBC}") = "VisitingSanFrancisco", "VisitingSanFrancisco\VisitingSanFrancisco.csproj", "{9EE0542C-2930-450C-86D6-361EFA47FD9D}"
EndProject
Global
	GlobalSection(SolutionConfigurationPlatforms) = preSolution
		Debug|Any CPU = Debug|Any CPU
		Release|Any CPU = Release|Any CPU
	EndGlobalSection
	GlobalSection(ProjectConfigurationPlatforms) = postSolution
		{9EE0542C-2930-450C-86D6-361EFA47FD9D}.Debug|Any CPU.ActiveCfg = Debug|Any CPU
		{9EE0542C-2930-450C-86D6-361EFA47FD9D}.Debug|Any CPU.Build.0 = Debug|Any CPU
		{9EE0542C-2930-450C-86D6-361EFA47FD9D}.Release|Any CPU.ActiveCfg = Release|Any CPU
		{9EE0542C-2930-450C-86D6-361EFA47FD9D}.Release|Any CPU.Build.0 = Release|Any CPU
	EndGlobalSection
	GlobalSection(SolutionProperties) = preSolution
		HideSolutionNode = FALSE
	EndGlobalSection
	GlobalSection(ExtensibilityGlobals) = postSolution
		SolutionGuid = {734A67F3-2EDB-48E9-8658-C84C2E5E10C8}
	EndGlobalSection
EndGlobal
